
Microsoft Visual Studio Solution File, Format Version 12.00
# Visual Studio Version 17
VisualStudioVersion = 17.8.34330.188
MinimumVisualStudioVersion = 10.0.40219.1
Project("{FAE04EC0-301F-11D3-BF4B-00C04F79EFBC}") = "TestProjectbyZdorenko", "TestProjectbyZdorenko\TestProjectbyZdorenko.csproj", "{A743841C-B673-4488-94C4-ABA800E369AB}"
EndProject
Global
	GlobalSection(SolutionConfigurationPlatforms) = preSolution
		Debug|Any CPU = Debug|Any CPU
		Release|Any CPU = Release|Any CPU
	EndGlobalSection
	GlobalSection(ProjectConfigurationPlatforms) = postSolution
		{A743841C-B673-4488-94C4-ABA800E369AB}.Debug|Any CPU.ActiveCfg = Debug|Any CPU
		{A743841C-B673-4488-94C4-ABA800E369AB}.Debug|Any CPU.Build.0 = Debug|Any CPU
		{A743841C-B673-4488-94C4-ABA800E369AB}.Release|Any CPU.ActiveCfg = Release|Any CPU
		{A743841C-B673-4488-94C4-ABA800E369AB}.Release|Any CPU.Build.0 = Release|Any CPU
	EndGlobalSection
	GlobalSection(SolutionProperties) = preSolution
		HideSolutionNode = FALSE
	EndGlobalSection
	GlobalSection(ExtensibilityGlobals) = postSolution
		SolutionGuid = {E74CB41F-249B-4B10-8F5E-A04DB55621B6}
	EndGlobalSection
EndGlobal
